// !$*UTF8*$!
{
	archiveVersion = 1;
	classes = {
	};
	objectVersion = 46;
	objects = {

/* Begin PBXBuildFile section */
		882928241990E4CD007B0AC6 /* JJvvMath.m in Sources */ = {isa = PBXBuildFile; fileRef = 882928231990E4CD007B0AC6 /* JJvvMath.m */; };
		8829282619935258007B0AC6 /* CoreText.framework in Frameworks */ = {isa = PBXBuildFile; fileRef = 8829282519935258007B0AC6 /* CoreText.framework */; };
		8897B55319938F8800137D18 /* testPicture.jpg in Resources */ = {isa = PBXBuildFile; fileRef = 8897B55219938F8800137D18 /* testPicture.jpg */; };
		88E2E9E9198F63B10089293C /* Foundation.framework in Frameworks */ = {isa = PBXBuildFile; fileRef = 88E2E9E8198F63B10089293C /* Foundation.framework */; };
		88E2E9EB198F63B10089293C /* CoreGraphics.framework in Frameworks */ = {isa = PBXBuildFile; fileRef = 88E2E9EA198F63B10089293C /* CoreGraphics.framework */; };
		88E2E9ED198F63B10089293C /* UIKit.framework in Frameworks */ = {isa = PBXBuildFile; fileRef = 88E2E9EC198F63B10089293C /* UIKit.framework */; };
		88E2E9F3198F63B10089293C /* InfoPlist.strings in Resources */ = {isa = PBXBuildFile; fileRef = 88E2E9F1198F63B10089293C /* InfoPlist.strings */; };
		88E2E9F5198F63B10089293C /* main.m in Sources */ = {isa = PBXBuildFile; fileRef = 88E2E9F4198F63B10089293C /* main.m */; };
		88E2E9F9198F63B10089293C /* JJvvAppDelegate.m in Sources */ = {isa = PBXBuildFile; fileRef = 88E2E9F8198F63B10089293C /* JJvvAppDelegate.m */; };
		88E2E9FC198F63B10089293C /* Main.storyboard in Resources */ = {isa = PBXBuildFile; fileRef = 88E2E9FA198F63B10089293C /* Main.storyboard */; };
		88E2E9FF198F63B10089293C /* JJvvViewController.m in Sources */ = {isa = PBXBuildFile; fileRef = 88E2E9FE198F63B10089293C /* JJvvViewController.m */; };
		88E2EA01198F63B10089293C /* Images.xcassets in Resources */ = {isa = PBXBuildFile; fileRef = 88E2EA00198F63B10089293C /* Images.xcassets */; };
		88E2EA08198F63B10089293C /* XCTest.framework in Frameworks */ = {isa = PBXBuildFile; fileRef = 88E2EA07198F63B10089293C /* XCTest.framework */; };
		88E2EA09198F63B10089293C /* Foundation.framework in Frameworks */ = {isa = PBXBuildFile; fileRef = 88E2E9E8198F63B10089293C /* Foundation.framework */; };
		88E2EA0A198F63B10089293C /* UIKit.framework in Frameworks */ = {isa = PBXBuildFile; fileRef = 88E2E9EC198F63B10089293C /* UIKit.framework */; };
		88E2EA12198F63B10089293C /* InfoPlist.strings in Resources */ = {isa = PBXBuildFile; fileRef = 88E2EA10198F63B10089293C /* InfoPlist.strings */; };
		88E2EA14198F63B10089293C /* testdrawTests.m in Sources */ = {isa = PBXBuildFile; fileRef = 88E2EA13198F63B10089293C /* testdrawTests.m */; };
		88E2EA20198F655C0089293C /* JJvvArcsectorControl.m in Sources */ = {isa = PBXBuildFile; fileRef = 88E2EA1F198F655C0089293C /* JJvvArcsectorControl.m */; };
/* End PBXBuildFile section */

/* Begin PBXContainerItemProxy section */
		88E2EA0B198F63B10089293C /* PBXContainerItemProxy */ = {
			isa = PBXContainerItemProxy;
			containerPortal = 88E2E9DD198F63B00089293C /* Project object */;
			proxyType = 1;
			remoteGlobalIDString = 88E2E9E4198F63B10089293C;
			remoteInfo = testdraw;
		};
/* End PBXContainerItemProxy section */

/* Begin PBXFileReference section */
		882928221990E4CD007B0AC6 /* JJvvMath.h */ = {isa = PBXFileReference; fileEncoding = 4; lastKnownFileType = sourcecode.c.h; path = JJvvMath.h; sourceTree = "<group>"; };
		882928231990E4CD007B0AC6 /* JJvvMath.m */ = {isa = PBXFileReference; fileEncoding = 4; lastKnownFileType = sourcecode.c.objc; path = JJvvMath.m; sourceTree = "<group>"; };
		8829282519935258007B0AC6 /* CoreText.framework */ = {isa = PBXFileReference; lastKnownFileType = wrapper.framework; name = CoreText.framework; path = System/Library/Frameworks/CoreText.framework; sourceTree = SDKROOT; };
		8897B55219938F8800137D18 /* testPicture.jpg */ = {isa = PBXFileReference; lastKnownFileType = image.jpeg; name = testPicture.jpg; path = ../testPicture.jpg; sourceTree = "<group>"; };
		88E2E9E5198F63B10089293C /* testdraw.app */ = {isa = PBXFileReference; explicitFileType = wrapper.application; includeInIndex = 0; path = testdraw.app; sourceTree = BUILT_PRODUCTS_DIR; };
		88E2E9E8198F63B10089293C /* Foundation.framework */ = {isa = PBXFileReference; lastKnownFileType = wrapper.framework; name = Foundation.framework; path = System/Library/Frameworks/Foundation.framework; sourceTree = SDKROOT; };
		88E2E9EA198F63B10089293C /* CoreGraphics.framework */ = {isa = PBXFileReference; lastKnownFileType = wrapper.framework; name = CoreGraphics.framework; path = System/Library/Frameworks/CoreGraphics.framework; sourceTree = SDKROOT; };
		88E2E9EC198F63B10089293C /* UIKit.framework */ = {isa = PBXFileReference; lastKnownFileType = wrapper.framework; name = UIKit.framework; path = System/Library/Frameworks/UIKit.framework; sourceTree = SDKROOT; };
		88E2E9F0198F63B10089293C /* testdraw-Info.plist */ = {isa = PBXFileReference; lastKnownFileType = text.plist.xml; path = "testdraw-Info.plist"; sourceTree = "<group>"; };
		88E2E9F2198F63B10089293C /* en */ = {isa = PBXFileReference; lastKnownFileType = text.plist.strings; name = en; path = en.lproj/InfoPlist.strings; sourceTree = "<group>"; };
		88E2E9F4198F63B10089293C /* main.m */ = {isa = PBXFileReference; lastKnownFileType = sourcecode.c.objc; path = main.m; sourceTree = "<group>"; };
		88E2E9F6198F63B10089293C /* testdraw-Prefix.pch */ = {isa = PBXFileReference; lastKnownFileType = sourcecode.c.h; path = "testdraw-Prefix.pch"; sourceTree = "<group>"; };
		88E2E9F7198F63B10089293C /* JJvvAppDelegate.h */ = {isa = PBXFileReference; lastKnownFileType = sourcecode.c.h; path = JJvvAppDelegate.h; sourceTree = "<group>"; };
		88E2E9F8198F63B10089293C /* JJvvAppDelegate.m */ = {isa = PBXFileReference; lastKnownFileType = sourcecode.c.objc; path = JJvvAppDelegate.m; sourceTree = "<group>"; };
		88E2E9FB198F63B10089293C /* Base */ = {isa = PBXFileReference; lastKnownFileType = file.storyboard; name = Base; path = Base.lproj/Main.storyboard; sourceTree = "<group>"; };
		88E2E9FD198F63B10089293C /* JJvvViewController.h */ = {isa = PBXFileReference; lastKnownFileType = sourcecode.c.h; path = JJvvViewController.h; sourceTree = "<group>"; };
		88E2E9FE198F63B10089293C /* JJvvViewController.m */ = {isa = PBXFileReference; lastKnownFileType = sourcecode.c.objc; path = JJvvViewController.m; sourceTree = "<group>"; };
		88E2EA00198F63B10089293C /* Images.xcassets */ = {isa = PBXFileReference; lastKnownFileType = folder.assetcatalog; path = Images.xcassets; sourceTree = "<group>"; };
		88E2EA06198F63B10089293C /* testdrawTests.xctest */ = {isa = PBXFileReference; explicitFileType = wrapper.cfbundle; includeInIndex = 0; path = testdrawTests.xctest; sourceTree = BUILT_PRODUCTS_DIR; };
		88E2EA07198F63B10089293C /* XCTest.framework */ = {isa = PBXFileReference; lastKnownFileType = wrapper.framework; name = XCTest.framework; path = Library/Frameworks/XCTest.framework; sourceTree = DEVELOPER_DIR; };
		88E2EA0F198F63B10089293C /* testdrawTests-Info.plist */ = {isa = PBXFileReference; lastKnownFileType = text.plist.xml; path = "testdrawTests-Info.plist"; sourceTree = "<group>"; };
		88E2EA11198F63B10089293C /* en */ = {isa = PBXFileReference; lastKnownFileType = text.plist.strings; name = en; path = en.lproj/InfoPlist.strings; sourceTree = "<group>"; };
		88E2EA13198F63B10089293C /* testdrawTests.m */ = {isa = PBXFileReference; lastKnownFileType = sourcecode.c.objc; path = testdrawTests.m; sourceTree = "<group>"; };
		88E2EA1E198F655C0089293C /* JJvvArcsectorControl.h */ = {isa = PBXFileReference; fileEncoding = 4; lastKnownFileType = sourcecode.c.h; path = JJvvArcsectorControl.h; sourceTree = "<group>"; };
		88E2EA1F198F655C0089293C /* JJvvArcsectorControl.m */ = {isa = PBXFileReference; fileEncoding = 4; lastKnownFileType = sourcecode.c.objc; path = JJvvArcsectorControl.m; sourceTree = "<group>"; };
/* End PBXFileReference section */

/* Begin PBXFrameworksBuildPhase section */
		88E2E9E2198F63B10089293C /* Frameworks */ = {
			isa = PBXFrameworksBuildPhase;
			buildActionMask = 2147483647;
			files = (
				8829282619935258007B0AC6 /* CoreText.framework in Frameworks */,
				88E2E9EB198F63B10089293C /* CoreGraphics.framework in Frameworks */,
				88E2E9ED198F63B10089293C /* UIKit.framework in Frameworks */,
				88E2E9E9198F63B10089293C /* Foundation.framework in Frameworks */,
			);
			runOnlyForDeploymentPostprocessing = 0;
		};
		88E2EA03198F63B10089293C /* Frameworks */ = {
			isa = PBXFrameworksBuildPhase;
			buildActionMask = 2147483647;
			files = (
				88E2EA08198F63B10089293C /* XCTest.framework in Frameworks */,
				88E2EA0A198F63B10089293C /* UIKit.framework in Frameworks */,
				88E2EA09198F63B10089293C /* Foundation.framework in Frameworks */,
			);
			runOnlyForDeploymentPostprocessing = 0;
		};
/* End PBXFrameworksBuildPhase section */

/* Begin PBXGroup section */
		88E2E9DC198F63B00089293C = {
			isa = PBXGroup;
			children = (
				88E2E9EE198F63B10089293C /* testdraw */,
				88E2EA0D198F63B10089293C /* testdrawTests */,
				88E2E9E7198F63B10089293C /* Frameworks */,
				88E2E9E6198F63B10089293C /* Products */,
			);
			sourceTree = "<group>";
		};
		88E2E9E6198F63B10089293C /* Products */ = {
			isa = PBXGroup;
			children = (
				88E2E9E5198F63B10089293C /* testdraw.app */,
				88E2EA06198F63B10089293C /* testdrawTests.xctest */,
			);
			name = Products;
			sourceTree = "<group>";
		};
		88E2E9E7198F63B10089293C /* Frameworks */ = {
			isa = PBXGroup;
			children = (
				8829282519935258007B0AC6 /* CoreText.framework */,
				88E2E9E8198F63B10089293C /* Foundation.framework */,
				88E2E9EA198F63B10089293C /* CoreGraphics.framework */,
				88E2E9EC198F63B10089293C /* UIKit.framework */,
				88E2EA07198F63B10089293C /* XCTest.framework */,
			);
			name = Frameworks;
			sourceTree = "<group>";
		};
		88E2E9EE198F63B10089293C /* testdraw */ = {
			isa = PBXGroup;
			children = (
				88E2EA1D198F64E70089293C /* Control */,
				88E2E9F7198F63B10089293C /* JJvvAppDelegate.h */,
				88E2E9F8198F63B10089293C /* JJvvAppDelegate.m */,
				88E2E9FA198F63B10089293C /* Main.storyboard */,
				88E2E9FD198F63B10089293C /* JJvvViewController.h */,
				88E2E9FE198F63B10089293C /* JJvvViewController.m */,
				88E2EA00198F63B10089293C /* Images.xcassets */,
				8897B55219938F8800137D18 /* testPicture.jpg */,
				88E2E9EF198F63B10089293C /* Supporting Files */,
			);
			path = testdraw;
			sourceTree = "<group>";
		};
		88E2E9EF198F63B10089293C /* Supporting Files */ = {
			isa = PBXGroup;
			children = (
				88E2E9F0198F63B10089293C /* testdraw-Info.plist */,
				88E2E9F1198F63B10089293C /* InfoPlist.strings */,
				88E2E9F4198F63B10089293C /* main.m */,
				88E2E9F6198F63B10089293C /* testdraw-Prefix.pch */,
			);
			name = "Supporting Files";
			sourceTree = "<group>";
		};
		88E2EA0D198F63B10089293C /* testdrawTests */ = {
			isa = PBXGroup;
			children = (
				88E2EA13198F63B10089293C /* testdrawTests.m */,
				88E2EA0E198F63B10089293C /* Supporting Files */,
			);
			path = testdrawTests;
			sourceTree = "<group>";
		};
		88E2EA0E198F63B10089293C /* Supporting Files */ = {
			isa = PBXGroup;
			children = (
				88E2EA0F198F63B10089293C /* testdrawTests-Info.plist */,
				88E2EA10198F63B10089293C /* InfoPlist.strings */,
			);
			name = "Supporting Files";
			sourceTree = "<group>";
		};
		88E2EA1D198F64E70089293C /* Control */ = {
			isa = PBXGroup;
			children = (
				88E2EA1E198F655C0089293C /* JJvvArcsectorControl.h */,
				88E2EA1F198F655C0089293C /* JJvvArcsectorControl.m */,
				882928221990E4CD007B0AC6 /* JJvvMath.h */,
				882928231990E4CD007B0AC6 /* JJvvMath.m */,
			);
			name = Control;
			sourceTree = "<group>";
		};
/* End PBXGroup section */

/* Begin PBXNativeTarget section */
		88E2E9E4198F63B10089293C /* testdraw */ = {
			isa = PBXNativeTarget;
			buildConfigurationList = 88E2EA17198F63B10089293C /* Build configuration list for PBXNativeTarget "testdraw" */;
			buildPhases = (
				88E2E9E1198F63B10089293C /* Sources */,
				88E2E9E2198F63B10089293C /* Frameworks */,
				88E2E9E3198F63B10089293C /* Resources */,
			);
			buildRules = (
			);
			dependencies = (
			);
			name = testdraw;
			productName = testdraw;
			productReference = 88E2E9E5198F63B10089293C /* testdraw.app */;
			productType = "com.apple.product-type.application";
		};
		88E2EA05198F63B10089293C /* testdrawTests */ = {
			isa = PBXNativeTarget;
			buildConfigurationList = 88E2EA1A198F63B10089293C /* Build configuration list for PBXNativeTarget "testdrawTests" */;
			buildPhases = (
				88E2EA02198F63B10089293C /* Sources */,
				88E2EA03198F63B10089293C /* Frameworks */,
				88E2EA04198F63B10089293C /* Resources */,
			);
			buildRules = (
			);
			dependencies = (
				88E2EA0C198F63B10089293C /* PBXTargetDependency */,
			);
			name = testdrawTests;
			productName = testdrawTests;
			productReference = 88E2EA06198F63B10089293C /* testdrawTests.xctest */;
			productType = "com.apple.product-type.bundle.unit-test";
		};
/* End PBXNativeTarget section */

/* Begin PBXProject section */
		88E2E9DD198F63B00089293C /* Project object */ = {
			isa = PBXProject;
			attributes = {
				CLASSPREFIX = JJvv;
				LastUpgradeCheck = 0510;
				ORGANIZATIONNAME = pptv;
				TargetAttributes = {
					88E2EA05198F63B10089293C = {
						TestTargetID = 88E2E9E4198F63B10089293C;
					};
				};
			};
			buildConfigurationList = 88E2E9E0198F63B10089293C /* Build configuration list for PBXProject "testdraw" */;
			compatibilityVersion = "Xcode 3.2";
			developmentRegion = English;
			hasScannedForEncodings = 0;
			knownRegions = (
				en,
				Base,
			);
			mainGroup = 88E2E9DC198F63B00089293C;
			productRefGroup = 88E2E9E6198F63B10089293C /* Products */;
			projectDirPath = "";
			projectRoot = "";
			targets = (
				88E2E9E4198F63B10089293C /* testdraw */,
				88E2EA05198F63B10089293C /* testdrawTests */,
			);
		};
/* End PBXProject section */

/* Begin PBXResourcesBuildPhase section */
		88E2E9E3198F63B10089293C /* Resources */ = {
			isa = PBXResourcesBuildPhase;
			buildActionMask = 2147483647;
			files = (
				88E2EA01198F63B10089293C /* Images.xcassets in Resources */,
				8897B55319938F8800137D18 /* testPicture.jpg in Resources */,
				88E2E9F3198F63B10089293C /* InfoPlist.strings in Resources */,
				88E2E9FC198F63B10089293C /* Main.storyboard in Resources */,
			);
			runOnlyForDeploymentPostprocessing = 0;
		};
		88E2EA04198F63B10089293C /* Resources */ = {
			isa = PBXResourcesBuildPhase;
			buildActionMask = 2147483647;
			files = (
				88E2EA12198F63B10089293C /* InfoPlist.strings in Resources */,
			);
			runOnlyForDeploymentPostprocessing = 0;
		};
/* End PBXResourcesBuildPhase section */

/* Begin PBXSourcesBuildPhase section */
		88E2E9E1198F63B10089293C /* Sources */ = {
			isa = PBXSourcesBuildPhase;
			buildActionMask = 2147483647;
			files = (
				88E2EA20198F655C0089293C /* JJvvArcsectorControl.m in Sources */,
				882928241990E4CD007B0AC6 /* JJvvMath.m in Sources */,
				88E2E9F9198F63B10089293C /* JJvvAppDelegate.m in Sources */,
				88E2E9FF198F63B10089293C /* JJvvViewController.m in Sources */,
				88E2E9F5198F63B10089293C /* main.m in Sources */,
			);
			runOnlyForDeploymentPostprocessing = 0;
		};
		88E2EA02198F63B10089293C /* Sources */ = {
			isa = PBXSourcesBuildPhase;
			buildActionMask = 2147483647;
			files = (
				88E2EA14198F63B10089293C /* testdrawTests.m in Sources */,
			);
			runOnlyForDeploymentPostprocessing = 0;
		};
/* End PBXSourcesBuildPhase section */

/* Begin PBXTargetDependency section */
		88E2EA0C198F63B10089293C /* PBXTargetDependency */ = {
			isa = PBXTargetDependency;
			target = 88E2E9E4198F63B10089293C /* testdraw */;
			targetProxy = 88E2EA0B198F63B10089293C /* PBXContainerItemProxy */;
		};
/* End PBXTargetDependency section */

/* Begin PBXVariantGroup section */
		88E2E9F1198F63B10089293C /* InfoPlist.strings */ = {
			isa = PBXVariantGroup;
			children = (
				88E2E9F2198F63B10089293C /* en */,
			);
			name = InfoPlist.strings;
			sourceTree = "<group>";
		};
		88E2E9FA198F63B10089293C /* Main.storyboard */ = {
			isa = PBXVariantGroup;
			children = (
				88E2E9FB198F63B10089293C /* Base */,
			);
			name = Main.storyboard;
			sourceTree = "<group>";
		};
		88E2EA10198F63B10089293C /* InfoPlist.strings */ = {
			isa = PBXVariantGroup;
			children = (
				88E2EA11198F63B10089293C /* en */,
			);
			name = InfoPlist.strings;
			sourceTree = "<group>";
		};
/* End PBXVariantGroup section */

/* Begin XCBuildConfiguration section */
		88E2EA15198F63B10089293C /* Debug */ = {
			isa = XCBuildConfiguration;
			buildSettings = {
				ALWAYS_SEARCH_USER_PATHS = NO;
				CLANG_CXX_LANGUAGE_STANDARD = "gnu++0x";
				CLANG_CXX_LIBRARY = "libc++";
				CLANG_ENABLE_MODULES = YES;
				CLANG_ENABLE_OBJC_ARC = YES;
				CLANG_WARN_BOOL_CONVERSION = YES;
				CLANG_WARN_CONSTANT_CONVERSION = YES;
				CLANG_WARN_DIRECT_OBJC_ISA_USAGE = YES_ERROR;
				CLANG_WARN_EMPTY_BODY = YES;
				CLANG_WARN_ENUM_CONVERSION = YES;
				CLANG_WARN_INT_CONVERSION = YES;
				CLANG_WARN_OBJC_ROOT_CLASS = YES_ERROR;
				CLANG_WARN__DUPLICATE_METHOD_MATCH = YES;
				"CODE_SIGN_IDENTITY[sdk=iphoneos*]" = "iPhone Developer";
				COPY_PHASE_STRIP = NO;
				GCC_C_LANGUAGE_STANDARD = gnu99;
				GCC_DYNAMIC_NO_PIC = NO;
				GCC_OPTIMIZATION_LEVEL = 0;
				GCC_PREPROCESSOR_DEFINITIONS = (
					"DEBUG=1",
					"$(inherited)",
				);
				GCC_SYMBOLS_PRIVATE_EXTERN = NO;
				GCC_WARN_64_TO_32_BIT_CONVERSION = YES;
				GCC_WARN_ABOUT_RETURN_TYPE = YES_ERROR;
				GCC_WARN_UNDECLARED_SELECTOR = YES;
				GCC_WARN_UNINITIALIZED_AUTOS = YES_AGGRESSIVE;
				GCC_WARN_UNUSED_FUNCTION = YES;
				GCC_WARN_UNUSED_VARIABLE = YES;
				IPHONEOS_DEPLOYMENT_TARGET = 7.1;
				ONLY_ACTIVE_ARCH = YES;
				SDKROOT = iphoneos;
			};
			name = Debug;
		};
		88E2EA16198F63B10089293C /* Release */ = {
			isa = XCBuildConfiguration;
			buildSettings = {
				ALWAYS_SEARCH_USER_PATHS = NO;
				CLANG_CXX_LANGUAGE_STANDARD = "gnu++0x";
				CLANG_CXX_LIBRARY = "libc++";
				CLANG_ENABLE_MODULES = YES;
				CLANG_ENABLE_OBJC_ARC = YES;
				CLANG_WARN_BOOL_CONVERSION = YES;
				CLANG_WARN_CONSTANT_CONVERSION = YES;
				CLANG_WARN_DIRECT_OBJC_ISA_USAGE = YES_ERROR;
				CLANG_WARN_EMPTY_BODY = YES;
				CLANG_WARN_ENUM_CONVERSION = YES;
				CLANG_WARN_INT_CONVERSION = YES;
				CLANG_WARN_OBJC_ROOT_CLASS = YES_ERROR;
				CLANG_WARN__DUPLICATE_METHOD_MATCH = YES;
				"CODE_SIGN_IDENTITY[sdk=iphoneos*]" = "iPhone Developer";
				COPY_PHASE_STRIP = YES;
				ENABLE_NS_ASSERTIONS = NO;
				GCC_C_LANGUAGE_STANDARD = gnu99;
				GCC_WARN_64_TO_32_BIT_CONVERSION = YES;
				GCC_WARN_ABOUT_RETURN_TYPE = YES_ERROR;
				GCC_WARN_UNDECLARED_SELECTOR = YES;
				GCC_WARN_UNINITIALIZED_AUTOS = YES_AGGRESSIVE;
				GCC_WARN_UNUSED_FUNCTION = YES;
				GCC_WARN_UNUSED_VARIABLE = YES;
				IPHONEOS_DEPLOYMENT_TARGET = 7.1;
				SDKROOT = iphoneos;
				VALIDATE_PRODUCT = YES;
			};
			name = Release;
		};
		88E2EA18198F63B10089293C /* Debug */ = {
			isa = XCBuildConfiguration;
			buildSettings = {
				ASSETCATALOG_COMPILER_APPICON_NAME = AppIcon;
				ASSETCATALOG_COMPILER_LAUNCHIMAGE_NAME = LaunchImage;
				GCC_PRECOMPILE_PREFIX_HEADER = YES;
				GCC_PREFIX_HEADER = "testdraw/testdraw-Prefix.pch";
				INFOPLIST_FILE = "testdraw/testdraw-Info.plist";
				LIBRARY_SEARCH_PATHS = (
					"$(inherited)",
					/Volumes/VMware,
					Shared,
					Folders/MacSharedFolder/ppbox,
					/Volumes/VMware,
					Shared,
					"Folders/MacSharedFolder/ppbox/ppbox-ios-armv7-ipad-release(pptv)-1.1.0.8319/ios-armv7.ipad",
					/Volumes/VMware,
					Shared,
					"Folders/MacSharedFolder/ppbox/ppbox-ios-simulator-ipad-release(pptv)-1.1.0.6503/ios-simulator.ipad",
					/Volumes/VMware,
					Shared,
					"Folders/MacSharedFolder/ppbox/ppbox-ios-simulator-ipad-release(pptv)-1.1.0.8310/ios-simulator.ipad",
				);
				PRODUCT_NAME = "$(TARGET_NAME)";
				WRAPPER_EXTENSION = app;
			};
			name = Debug;
		};
		88E2EA19198F63B10089293C /* Release */ = {
			isa = XCBuildConfiguration;
			buildSettings = {
				ASSETCATALOG_COMPILER_APPICON_NAME = AppIcon;
				ASSETCATALOG_COMPILER_LAUNCHIMAGE_NAME = LaunchImage;
				GCC_PRECOMPILE_PREFIX_HEADER = YES;
				GCC_PREFIX_HEADER = "testdraw/testdraw-Prefix.pch";
				INFOPLIST_FILE = "testdraw/testdraw-Info.plist";
				LIBRARY_SEARCH_PATHS = (
					"$(inherited)",
					/Volumes/VMware,
					Shared,
					Folders/MacSharedFolder/ppbox,
					/Volumes/VMware,
					Shared,
					"Folders/MacSharedFolder/ppbox/ppbox-ios-armv7-ipad-release(pptv)-1.1.0.8319/ios-armv7.ipad",
					/Volumes/VMware,
					Shared,
					"Folders/MacSharedFolder/ppbox/ppbox-ios-simulator-ipad-release(pptv)-1.1.0.6503/ios-simulator.ipad",
					/Volumes/VMware,
					Shared,
					"Folders/MacSharedFolder/ppbox/ppbox-ios-simulator-ipad-release(pptv)-1.1.0.8310/ios-simulator.ipad",
				);
				PRODUCT_NAME = "$(TARGET_NAME)";
				WRAPPER_EXTENSION = app;
			};
			name = Release;
		};
		88E2EA1B198F63B10089293C /* Debug */ = {
			isa = XCBuildConfiguration;
			buildSettings = {
				BUNDLE_LOADER = "$(BUILT_PRODUCTS_DIR)/testdraw.app/testdraw";
				FRAMEWORK_SEARCH_PATHS = (
					"$(SDKROOT)/Developer/Library/Frameworks",
					"$(inherited)",
					"$(DEVELOPER_FRAMEWORKS_DIR)",
				);
				GCC_PRECOMPILE_PREFIX_HEADER = YES;
				GCC_PREFIX_HEADER = "testdraw/testdraw-Prefix.pch";
				GCC_PREPROCESSOR_DEFINITIONS = (
					"DEBUG=1",
					"$(inherited)",
				);
				INFOPLIST_FILE = "testdrawTests/testdrawTests-Info.plist";
				PRODUCT_NAME = "$(TARGET_NAME)";
				TEST_HOST = "$(BUNDLE_LOADER)";
				WRAPPER_EXTENSION = xctest;
			};
			name = Debug;
		};
		88E2EA1C198F63B10089293C /* Release */ = {
			isa = XCBuildConfiguration;
			buildSettings = {
				BUNDLE_LOADER = "$(BUILT_PRODUCTS_DIR)/testdraw.app/testdraw";
				FRAMEWORK_SEARCH_PATHS = (
					"$(SDKROOT)/Developer/Library/Frameworks",
					"$(inherited)",
					"$(DEVELOPER_FRAMEWORKS_DIR)",
				);
				GCC_PRECOMPILE_PREFIX_HEADER = YES;
				GCC_PREFIX_HEADER = "testdraw/testdraw-Prefix.pch";
				INFOPLIST_FILE = "testdrawTests/testdrawTests-Info.plist";
				PRODUCT_NAME = "$(TARGET_NAME)";
				TEST_HOST = "$(BUNDLE_LOADER)";
				WRAPPER_EXTENSION = xctest;
			};
			name = Release;
		};
/* End XCBuildConfiguration section */

/* Begin XCConfigurationList section */
		88E2E9E0198F63B10089293C /* Build configuration list for PBXProject "testdraw" */ = {
			isa = XCConfigurationList;
			buildConfigurations = (
				88E2EA15198F63B10089293C /* Debug */,
				88E2EA16198F63B10089293C /* Release */,
			);
			defaultConfigurationIsVisible = 0;
			defaultConfigurationName = Release;
		};
		88E2EA17198F63B10089293C /* Build configuration list for PBXNativeTarget "testdraw" */ = {
			isa = XCConfigurationList;
			buildConfigurations = (
				88E2EA18198F63B10089293C /* Debug */,
				88E2EA19198F63B10089293C /* Release */,
			);
			defaultConfigurationIsVisible = 0;
			defaultConfigurationName = Release;
		};
		88E2EA1A198F63B10089293C /* Build configuration list for PBXNativeTarget "testdrawTests" */ = {
			isa = XCConfigurationList;
			buildConfigurations = (
				88E2EA1B198F63B10089293C /* Debug */,
				88E2EA1C198F63B10089293C /* Release */,
			);
			defaultConfigurationIsVisible = 0;
			defaultConfigurationName = Release;
		};
/* End XCConfigurationList section */
	};
	rootObject = 88E2E9DD198F63B00089293C /* Project object */;
}
